// !$*UTF8*$!
{
	archiveVersion = 1;
	classes = {
	};
	objectVersion = 48;
	objects = {

/* Begin PBXBuildFile section */
		166FBA89205BE6E60078B768 /* AppDelegate.swift in Sources */ = {isa = PBXBuildFile; fileRef = 166FBA88205BE6E60078B768 /* AppDelegate.swift */; };
		166FBA8B205BE6E60078B768 /* ViewController.swift in Sources */ = {isa = PBXBuildFile; fileRef = 166FBA8A205BE6E60078B768 /* ViewController.swift */; };
		166FBA8E205BE6E60078B768 /* Main.storyboard in Resources */ = {isa = PBXBuildFile; fileRef = 166FBA8C205BE6E60078B768 /* Main.storyboard */; };
		166FBA90205BE6E60078B768 /* Assets.xcassets in Resources */ = {isa = PBXBuildFile; fileRef = 166FBA8F205BE6E60078B768 /* Assets.xcassets */; };
		166FBA93205BE6E60078B768 /* LaunchScreen.storyboard in Resources */ = {isa = PBXBuildFile; fileRef = 166FBA91205BE6E60078B768 /* LaunchScreen.storyboard */; };
		166FBA9E205BE6E70078B768 /* testTests.swift in Sources */ = {isa = PBXBuildFile; fileRef = 166FBA9D205BE6E70078B768 /* testTests.swift */; };
		166FBAA9205BE6E70078B768 /* testUITests.swift in Sources */ = {isa = PBXBuildFile; fileRef = 166FBAA8205BE6E70078B768 /* testUITests.swift */; };
/* End PBXBuildFile section */

/* Begin PBXContainerItemProxy section */
		166FBA9A205BE6E70078B768 /* PBXContainerItemProxy */ = {
			isa = PBXContainerItemProxy;
			containerPortal = 166FBA7D205BE6E60078B768 /* Project object */;
			proxyType = 1;
			remoteGlobalIDString = 166FBA84205BE6E60078B768;
			remoteInfo = test;
		};
		166FBAA5205BE6E70078B768 /* PBXContainerItemProxy */ = {
			isa = PBXContainerItemProxy;
			containerPortal = 166FBA7D205BE6E60078B768 /* Project object */;
			proxyType = 1;
			remoteGlobalIDString = 166FBA84205BE6E60078B768;
			remoteInfo = test;
		};
/* End PBXContainerItemProxy section */

/* Begin PBXFileReference section */
		166FBA85205BE6E60078B768 /* test.app */ = {isa = PBXFileReference; explicitFileType = wrapper.application; includeInIndex = 0; path = test.app; sourceTree = BUILT_PRODUCTS_DIR; };
		166FBA88205BE6E60078B768 /* AppDelegate.swift */ = {isa = PBXFileReference; lastKnownFileType = sourcecode.swift; path = AppDelegate.swift; sourceTree = "<group>"; };
		166FBA8A205BE6E60078B768 /* ViewController.swift */ = {isa = PBXFileReference; lastKnownFileType = sourcecode.swift; path = ViewController.swift; sourceTree = "<group>"; };
		166FBA8D205BE6E60078B768 /* Base */ = {isa = PBXFileReference; lastKnownFileType = file.storyboard; name = Base; path = Base.lproj/Main.storyboard; sourceTree = "<group>"; };
		166FBA8F205BE6E60078B768 /* Assets.xcassets */ = {isa = PBXFileReference; lastKnownFileType = folder.assetcatalog; path = Assets.xcassets; sourceTree = "<group>"; };
		166FBA92205BE6E60078B768 /* Base */ = {isa = PBXFileReference; lastKnownFileType = file.storyboard; name = Base; path = Base.lproj/LaunchScreen.storyboard; sourceTree = "<group>"; };
		166FBA94205BE6E60078B768 /* Info.plist */ = {isa = PBXFileReference; lastKnownFileType = text.plist.xml; path = Info.plist; sourceTree = "<group>"; };
		166FBA99205BE6E70078B768 /* testTests.xctest */ = {isa = PBXFileReference; explicitFileType = wrapper.cfbundle; includeInIndex = 0; path = testTests.xctest; sourceTree = BUILT_PRODUCTS_DIR; };
		166FBA9D205BE6E70078B768 /* testTests.swift */ = {isa = PBXFileReference; lastKnownFileType = sourcecode.swift; path = testTests.swift; sourceTree = "<group>"; };
		166FBA9F205BE6E70078B768 /* Info.plist */ = {isa = PBXFileReference; lastKnownFileType = text.plist.xml; path = Info.plist; sourceTree = "<group>"; };
		166FBAA4205BE6E70078B768 /* testUITests.xctest */ = {isa = PBXFileReference; explicitFileType = wrapper.cfbundle; includeInIndex = 0; path = testUITests.xctest; sourceTree = BUILT_PRODUCTS_DIR; };
		166FBAA8205BE6E70078B768 /* testUITests.swift */ = {isa = PBXFileReference; lastKnownFileType = sourcecode.swift; path = testUITests.swift; sourceTree = "<group>"; };
		166FBAAA205BE6E70078B768 /* Info.plist */ = {isa = PBXFileReference; lastKnownFileType = text.plist.xml; path = Info.plist; sourceTree = "<group>"; };
/* End PBXFileReference section */

/* Begin PBXFrameworksBuildPhase section */
		166FBA82205BE6E60078B768 /* Frameworks */ = {
			isa = PBXFrameworksBuildPhase;
			buildActionMask = 2147483647;
			files = (
			);
			runOnlyForDeploymentPostprocessing = 0;
		};
		166FBA96205BE6E70078B768 /* Frameworks */ = {
			isa = PBXFrameworksBuildPhase;
			buildActionMask = 2147483647;
			files = (
			);
			runOnlyForDeploymentPostprocessing = 0;
		};
		166FBAA1205BE6E70078B768 /* Frameworks */ = {
			isa = PBXFrameworksBuildPhase;
			buildActionMask = 2147483647;
			files = (
			);
			runOnlyForDeploymentPostprocessing = 0;
		};
/* End PBXFrameworksBuildPhase section */

/* Begin PBXGroup section */
		166FBA7C205BE6E60078B768 = {
			isa = PBXGroup;
			children = (
				166FBA87205BE6E60078B768 /* test */,
				166FBA9C205BE6E70078B768 /* testTests */,
				166FBAA7205BE6E70078B768 /* testUITests */,
				166FBA86205BE6E60078B768 /* Products */,
			);
			sourceTree = "<group>";
		};
		166FBA86205BE6E60078B768 /* Products */ = {
			isa = PBXGroup;
			children = (
				166FBA85205BE6E60078B768 /* test.app */,
				166FBA99205BE6E70078B768 /* testTests.xctest */,
				166FBAA4205BE6E70078B768 /* testUITests.xctest */,
			);
			name = Products;
			sourceTree = "<group>";
		};
		166FBA87205BE6E60078B768 /* test */ = {
			isa = PBXGroup;
			children = (
				166FBA88205BE6E60078B768 /* AppDelegate.swift */,
				166FBA8A205BE6E60078B768 /* ViewController.swift */,
				166FBA8C205BE6E60078B768 /* Main.storyboard */,
				166FBA8F205BE6E60078B768 /* Assets.xcassets */,
				166FBA91205BE6E60078B768 /* LaunchScreen.storyboard */,
				166FBA94205BE6E60078B768 /* Info.plist */,
			);
			path = test;
			sourceTree = "<group>";
		};
		166FBA9C205BE6E70078B768 /* testTests */ = {
			isa = PBXGroup;
			children = (
				166FBA9D205BE6E70078B768 /* testTests.swift */,
				166FBA9F205BE6E70078B768 /* Info.plist */,
			);
			path = testTests;
			sourceTree = "<group>";
		};
		166FBAA7205BE6E70078B768 /* testUITests */ = {
			isa = PBXGroup;
			children = (
				166FBAA8205BE6E70078B768 /* testUITests.swift */,
				166FBAAA205BE6E70078B768 /* Info.plist */,
			);
			path = testUITests;
			sourceTree = "<group>";
		};
/* End PBXGroup section */

/* Begin PBXNativeTarget section */
		166FBA84205BE6E60078B768 /* test */ = {
			isa = PBXNativeTarget;
			buildConfigurationList = 166FBAAD205BE6E70078B768 /* Build configuration list for PBXNativeTarget "test" */;
			buildPhases = (
				166FBA81205BE6E60078B768 /* Sources */,
				166FBA82205BE6E60078B768 /* Frameworks */,
				166FBA83205BE6E60078B768 /* Resources */,
			);
			buildRules = (
			);
			dependencies = (
			);
			name = test;
			productName = test;
			productReference = 166FBA85205BE6E60078B768 /* test.app */;
			productType = "com.apple.product-type.application";
		};
		166FBA98205BE6E70078B768 /* testTests */ = {
			isa = PBXNativeTarget;
			buildConfigurationList = 166FBAB0205BE6E70078B768 /* Build configuration list for PBXNativeTarget "testTests" */;
			buildPhases = (
				166FBA95205BE6E70078B768 /* Sources */,
				166FBA96205BE6E70078B768 /* Frameworks */,
				166FBA97205BE6E70078B768 /* Resources */,
			);
			buildRules = (
			);
			dependencies = (
				166FBA9B205BE6E70078B768 /* PBXTargetDependency */,
			);
			name = testTests;
			productName = testTests;
			productReference = 166FBA99205BE6E70078B768 /* testTests.xctest */;
			productType = "com.apple.product-type.bundle.unit-test";
		};
		166FBAA3205BE6E70078B768 /* testUITests */ = {
			isa = PBXNativeTarget;
			buildConfigurationList = 166FBAB3205BE6E70078B768 /* Build configuration list for PBXNativeTarget "testUITests" */;
			buildPhases = (
				166FBAA0205BE6E70078B768 /* Sources */,
				166FBAA1205BE6E70078B768 /* Frameworks */,
				166FBAA2205BE6E70078B768 /* Resources */,
			);
			buildRules = (
			);
			dependencies = (
				166FBAA6205BE6E70078B768 /* PBXTargetDependency */,
			);
			name = testUITests;
			productName = testUITests;
			productReference = 166FBAA4205BE6E70078B768 /* testUITests.xctest */;
			productType = "com.apple.product-type.bundle.ui-testing";
		};
/* End PBXNativeTarget section */

/* Begin PBXProject section */
		166FBA7D205BE6E60078B768 /* Project object */ = {
			isa = PBXProject;
			attributes = {
				LastSwiftUpdateCheck = 0920;
				LastUpgradeCheck = 0920;
				ORGANIZATIONNAME = "潘俊舟";
				TargetAttributes = {
					166FBA84205BE6E60078B768 = {
						CreatedOnToolsVersion = 9.2;
						ProvisioningStyle = Manual;
					};
					166FBA98205BE6E70078B768 = {
						CreatedOnToolsVersion = 9.2;
						ProvisioningStyle = Automatic;
						TestTargetID = 166FBA84205BE6E60078B768;
					};
					166FBAA3205BE6E70078B768 = {
						CreatedOnToolsVersion = 9.2;
						ProvisioningStyle = Automatic;
						TestTargetID = 166FBA84205BE6E60078B768;
					};
				};
			};
			buildConfigurationList = 166FBA80205BE6E60078B768 /* Build configuration list for PBXProject "test" */;
			compatibilityVersion = "Xcode 8.0";
			developmentRegion = en;
			hasScannedForEncodings = 0;
			knownRegions = (
				en,
				Base,
			);
			mainGroup = 166FBA7C205BE6E60078B768;
			productRefGroup = 166FBA86205BE6E60078B768 /* Products */;
			projectDirPath = "";
			projectRoot = "";
			targets = (
				166FBA84205BE6E60078B768 /* test */,
				166FBA98205BE6E70078B768 /* testTests */,
				166FBAA3205BE6E70078B768 /* testUITests */,
			);
		};
/* End PBXProject section */

/* Begin PBXResourcesBuildPhase section */
		166FBA83205BE6E60078B768 /* Resources */ = {
			isa = PBXResourcesBuildPhase;
			buildActionMask = 2147483647;
			files = (
				166FBA93205BE6E60078B768 /* LaunchScreen.storyboard in Resources */,
				166FBA90205BE6E60078B768 /* Assets.xcassets in Resources */,
				166FBA8E205BE6E60078B768 /* Main.storyboard in Resources */,
			);
			runOnlyForDeploymentPostprocessing = 0;
		};
		166FBA97205BE6E70078B768 /* Resources */ = {
			isa = PBXResourcesBuildPhase;
			buildActionMask = 2147483647;
			files = (
			);
			runOnlyForDeploymentPostprocessing = 0;
		};
		166FBAA2205BE6E70078B768 /* Resources */ = {
			isa = PBXResourcesBuildPhase;
			buildActionMask = 2147483647;
			files = (
			);
			runOnlyForDeploymentPostprocessing = 0;
		};
/* End PBXResourcesBuildPhase section */

/* Begin PBXSourcesBuildPhase section */
		166FBA81205BE6E60078B768 /* Sources */ = {
			isa = PBXSourcesBuildPhase;
			buildActionMask = 2147483647;
			files = (
				166FBA8B205BE6E60078B768 /* ViewController.swift in Sources */,
				166FBA89205BE6E60078B768 /* AppDelegate.swift in Sources */,
			);
			runOnlyForDeploymentPostprocessing = 0;
		};
		166FBA95205BE6E70078B768 /* Sources */ = {
			isa = PBXSourcesBuildPhase;
			buildActionMask = 2147483647;
			files = (
				166FBA9E205BE6E70078B768 /* testTests.swift in Sources */,
			);
			runOnlyForDeploymentPostprocessing = 0;
		};
		166FBAA0205BE6E70078B768 /* Sources */ = {
			isa = PBXSourcesBuildPhase;
			buildActionMask = 2147483647;
			files = (
				166FBAA9205BE6E70078B768 /* testUITests.swift in Sources */,
			);
			runOnlyForDeploymentPostprocessing = 0;
		};
/* End PBXSourcesBuildPhase section */

/* Begin PBXTargetDependency section */
		166FBA9B205BE6E70078B768 /* PBXTargetDependency */ = {
			isa = PBXTargetDependency;
			target = 166FBA84205BE6E60078B768 /* test */;
			targetProxy = 166FBA9A205BE6E70078B768 /* PBXContainerItemProxy */;
		};
		166FBAA6205BE6E70078B768 /* PBXTargetDependency */ = {
			isa = PBXTargetDependency;
			target = 166FBA84205BE6E60078B768 /* test */;
			targetProxy = 166FBAA5205BE6E70078B768 /* PBXContainerItemProxy */;
		};
/* End PBXTargetDependency section */

/* Begin PBXVariantGroup section */
		166FBA8C205BE6E60078B768 /* Main.storyboard */ = {
			isa = PBXVariantGroup;
			children = (
				166FBA8D205BE6E60078B768 /* Base */,
			);
			name = Main.storyboard;
			sourceTree = "<group>";
		};
		166FBA91205BE6E60078B768 /* LaunchScreen.storyboard */ = {
			isa = PBXVariantGroup;
			children = (
				166FBA92205BE6E60078B768 /* Base */,
			);
			name = LaunchScreen.storyboard;
			sourceTree = "<group>";
		};
/* End PBXVariantGroup section */

/* Begin XCBuildConfiguration section */
		166FBAAB205BE6E70078B768 /* Debug */ = {
			isa = XCBuildConfiguration;
			buildSettings = {
				ALWAYS_SEARCH_USER_PATHS = NO;
				CLANG_ANALYZER_NONNULL = YES;
				CLANG_ANALYZER_NUMBER_OBJECT_CONVERSION = YES_AGGRESSIVE;
				CLANG_CXX_LANGUAGE_STANDARD = "gnu++14";
				CLANG_CXX_LIBRARY = "libc++";
				CLANG_ENABLE_MODULES = YES;
				CLANG_ENABLE_OBJC_ARC = YES;
				CLANG_WARN_BLOCK_CAPTURE_AUTORELEASING = YES;
				CLANG_WARN_BOOL_CONVERSION = YES;
				CLANG_WARN_COMMA = YES;
				CLANG_WARN_CONSTANT_CONVERSION = YES;
				CLANG_WARN_DIRECT_OBJC_ISA_USAGE = YES_ERROR;
				CLANG_WARN_DOCUMENTATION_COMMENTS = YES;
				CLANG_WARN_EMPTY_BODY = YES;
				CLANG_WARN_ENUM_CONVERSION = YES;
				CLANG_WARN_INFINITE_RECURSION = YES;
				CLANG_WARN_INT_CONVERSION = YES;
				CLANG_WARN_NON_LITERAL_NULL_CONVERSION = YES;
				CLANG_WARN_OBJC_LITERAL_CONVERSION = YES;
				CLANG_WARN_OBJC_ROOT_CLASS = YES_ERROR;
				CLANG_WARN_RANGE_LOOP_ANALYSIS = YES;
				CLANG_WARN_STRICT_PROTOTYPES = YES;
				CLANG_WARN_SUSPICIOUS_MOVE = YES;
				CLANG_WARN_UNGUARDED_AVAILABILITY = YES_AGGRESSIVE;
				CLANG_WARN_UNREACHABLE_CODE = YES;
				CLANG_WARN__DUPLICATE_METHOD_MATCH = YES;
				CODE_SIGN_IDENTITY = "iPhone Developer";
				COPY_PHASE_STRIP = NO;
				DEBUG_INFORMATION_FORMAT = dwarf;
				ENABLE_STRICT_OBJC_MSGSEND = YES;
				ENABLE_TESTABILITY = YES;
				GCC_C_LANGUAGE_STANDARD = gnu11;
				GCC_DYNAMIC_NO_PIC = NO;
				GCC_NO_COMMON_BLOCKS = YES;
				GCC_OPTIMIZATION_LEVEL = 0;
				GCC_PREPROCESSOR_DEFINITIONS = (
					"DEBUG=1",
					"$(inherited)",
				);
				GCC_WARN_64_TO_32_BIT_CONVERSION = YES;
				GCC_WARN_ABOUT_RETURN_TYPE = YES_ERROR;
				GCC_WARN_UNDECLARED_SELECTOR = YES;
				GCC_WARN_UNINITIALIZED_AUTOS = YES_AGGRESSIVE;
				GCC_WARN_UNUSED_FUNCTION = YES;
				GCC_WARN_UNUSED_VARIABLE = YES;
				IPHONEOS_DEPLOYMENT_TARGET = 11.2;
				MTL_ENABLE_DEBUG_INFO = YES;
				ONLY_ACTIVE_ARCH = YES;
				SDKROOT = iphoneos;
				SWIFT_ACTIVE_COMPILATION_CONDITIONS = DEBUG;
				SWIFT_OPTIMIZATION_LEVEL = "-Onone";
			};
			name = Debug;
		};
		166FBAAC205BE6E70078B768 /* Release */ = {
			isa = XCBuildConfiguration;
			buildSettings = {
				ALWAYS_SEARCH_USER_PATHS = NO;
				CLANG_ANALYZER_NONNULL = YES;
				CLANG_ANALYZER_NUMBER_OBJECT_CONVERSION = YES_AGGRESSIVE;
				CLANG_CXX_LANGUAGE_STANDARD = "gnu++14";
				CLANG_CXX_LIBRARY = "libc++";
				CLANG_ENABLE_MODULES = YES;
				CLANG_ENABLE_OBJC_ARC = YES;
				CLANG_WARN_BLOCK_CAPTURE_AUTORELEASING = YES;
				CLANG_WARN_BOOL_CONVERSION = YES;
				CLANG_WARN_COMMA = YES;
				CLANG_WARN_CONSTANT_CONVERSION = YES;
				CLANG_WARN_DIRECT_OBJC_ISA_USAGE = YES_ERROR;
				CLANG_WARN_DOCUMENTATION_COMMENTS = YES;
				CLANG_WARN_EMPTY_BODY = YES;
				CLANG_WARN_ENUM_CONVERSION = YES;
				CLANG_WARN_INFINITE_RECURSION = YES;
				CLANG_WARN_INT_CONVERSION = YES;
				CLANG_WARN_NON_LITERAL_NULL_CONVERSION = YES;
				CLANG_WARN_OBJC_LITERAL_CONVERSION = YES;
				CLANG_WARN_OBJC_ROOT_CLASS = YES_ERROR;
				CLANG_WARN_RANGE_LOOP_ANALYSIS = YES;
				CLANG_WARN_STRICT_PROTOTYPES = YES;
				CLANG_WARN_SUSPICIOUS_MOVE = YES;
				CLANG_WARN_UNGUARDED_AVAILABILITY = YES_AGGRESSIVE;
				CLANG_WARN_UNREACHABLE_CODE = YES;
				CLANG_WARN__DUPLICATE_METHOD_MATCH = YES;
				CODE_SIGN_IDENTITY = "iPhone Developer";
				COPY_PHASE_STRIP = NO;
				DEBUG_INFORMATION_FORMAT = "dwarf-with-dsym";
				ENABLE_NS_ASSERTIONS = NO;
				ENABLE_STRICT_OBJC_MSGSEND = YES;
				GCC_C_LANGUAGE_STANDARD = gnu11;
				GCC_NO_COMMON_BLOCKS = YES;
				GCC_WARN_64_TO_32_BIT_CONVERSION = YES;
				GCC_WARN_ABOUT_RETURN_TYPE = YES_ERROR;
				GCC_WARN_UNDECLARED_SELECTOR = YES;
				GCC_WARN_UNINITIALIZED_AUTOS = YES_AGGRESSIVE;
				GCC_WARN_UNUSED_FUNCTION = YES;
				GCC_WARN_UNUSED_VARIABLE = YES;
				IPHONEOS_DEPLOYMENT_TARGET = 11.2;
				MTL_ENABLE_DEBUG_INFO = NO;
				SDKROOT = iphoneos;
				SWIFT_OPTIMIZATION_LEVEL = "-Owholemodule";
				VALIDATE_PRODUCT = YES;
			};
			name = Release;
		};
		166FBAAE205BE6E70078B768 /* Debug */ = {
			isa = XCBuildConfiguration;
			buildSettings = {
				ASSETCATALOG_COMPILER_APPICON_NAME = AppIcon;
				CODE_SIGN_STYLE = Manual;
				DEVELOPMENT_TEAM = "";
				INFOPLIST_FILE = test/Info.plist;
				LD_RUNPATH_SEARCH_PATHS = "$(inherited) @executable_path/Frameworks";
				PRODUCT_BUNDLE_IDENTIFIER = pan.test;
				PRODUCT_NAME = "$(TARGET_NAME)";
				PROVISIONING_PROFILE_SPECIFIER = "";
				SWIFT_VERSION = 4.0;
				TARGETED_DEVICE_FAMILY = "1,2";
			};
			name = Debug;
		};
		166FBAAF205BE6E70078B768 /* Release */ = {
			isa = XCBuildConfiguration;
			buildSettings = {
				ASSETCATALOG_COMPILER_APPICON_NAME = AppIcon;
				CODE_SIGN_STYLE = Manual;
				DEVELOPMENT_TEAM = "";
				INFOPLIST_FILE = test/Info.plist;
				LD_RUNPATH_SEARCH_PATHS = "$(inherited) @executable_path/Frameworks";
				PRODUCT_BUNDLE_IDENTIFIER = pan.test;
				PRODUCT_NAME = "$(TARGET_NAME)";
				PROVISIONING_PROFILE_SPECIFIER = "";
				SWIFT_VERSION = 4.0;
				TARGETED_DEVICE_FAMILY = "1,2";
			};
			name = Release;
		};
		166FBAB1205BE6E70078B768 /* Debug */ = {
			isa = XCBuildConfiguration;
			buildSettings = {
				ALWAYS_EMBED_SWIFT_STANDARD_LIBRARIES = YES;
				BUNDLE_LOADER = "$(TEST_HOST)";
				CODE_SIGN_STYLE = Automatic;
				INFOPLIST_FILE = testTests/Info.plist;
				LD_RUNPATH_SEARCH_PATHS = "$(inherited) @executable_path/Frameworks @loader_path/Frameworks";
				PRODUCT_BUNDLE_IDENTIFIER = pan.testTests;
				PRODUCT_NAME = "$(TARGET_NAME)";
				SWIFT_VERSION = 4.0;
				TARGETED_DEVICE_FAMILY = "1,2";
				TEST_HOST = "$(BUILT_PRODUCTS_DIR)/test.app/test";
			};
			name = Debug;
		};
		166FBAB2205BE6E70078B768 /* Release */ = {
			isa = XCBuildConfiguration;
			buildSettings = {
				ALWAYS_EMBED_SWIFT_STANDARD_LIBRARIES = YES;
				BUNDLE_LOADER = "$(TEST_HOST)";
				CODE_SIGN_STYLE = Automatic;
				INFOPLIST_FILE = testTests/Info.plist;
				LD_RUNPATH_SEARCH_PATHS = "$(inherited) @executable_path/Frameworks @loader_path/Frameworks";
				PRODUCT_BUNDLE_IDENTIFIER = pan.testTests;
				PRODUCT_NAME = "$(TARGET_NAME)";
				SWIFT_VERSION = 4.0;
				TARGETED_DEVICE_FAMILY = "1,2";
				TEST_HOST = "$(BUILT_PRODUCTS_DIR)/test.app/test";
			};
			name = Release;
		};
		166FBAB4205BE6E70078B768 /* Debug */ = {
			isa = XCBuildConfiguration;
			buildSettings = {
				ALWAYS_EMBED_SWIFT_STANDARD_LIBRARIES = YES;
				CODE_SIGN_STYLE = Automatic;
				INFOPLIST_FILE = testUITests/Info.plist;
				LD_RUNPATH_SEARCH_PATHS = "$(inherited) @executable_path/Frameworks @loader_path/Frameworks";
				PRODUCT_BUNDLE_IDENTIFIER = pan.testUITests;
				PRODUCT_NAME = "$(TARGET_NAME)";
				SWIFT_VERSION = 4.0;
				TARGETED_DEVICE_FAMILY = "1,2";
				TEST_TARGET_NAME = test;
			};
			name = Debug;
		};
		166FBAB5205BE6E70078B768 /* Release */ = {
			isa = XCBuildConfiguration;
			buildSettings = {
				ALWAYS_EMBED_SWIFT_STANDARD_LIBRARIES = YES;
				CODE_SIGN_STYLE = Automatic;
				INFOPLIST_FILE = testUITests/Info.plist;
				LD_RUNPATH_SEARCH_PATHS = "$(inherited) @executable_path/Frameworks @loader_path/Frameworks";
				PRODUCT_BUNDLE_IDENTIFIER = pan.testUITests;
				PRODUCT_NAME = "$(TARGET_NAME)";
				SWIFT_VERSION = 4.0;
				TARGETED_DEVICE_FAMILY = "1,2";
				TEST_TARGET_NAME = test;
			};
			name = Release;
		};
/* End XCBuildConfiguration section */

/* Begin XCConfigurationList section */
		166FBA80205BE6E60078B768 /* Build configuration list for PBXProject "test" */ = {
			isa = XCConfigurationList;
			buildConfigurations = (
				166FBAAB205BE6E70078B768 /* Debug */,
				166FBAAC205BE6E70078B768 /* Release */,
			);
			defaultConfigurationIsVisible = 0;
			defaultConfigurationName = Release;
		};
		166FBAAD205BE6E70078B768 /* Build configuration list for PBXNativeTarget "test" */ = {
			isa = XCConfigurationList;
			buildConfigurations = (
				166FBAAE205BE6E70078B768 /* Debug */,
				166FBAAF205BE6E70078B768 /* Release */,
			);
			defaultConfigurationIsVisible = 0;
			defaultConfigurationName = Release;
		};
		166FBAB0205BE6E70078B768 /* Build configuration list for PBXNativeTarget "testTests" */ = {
			isa = XCConfigurationList;
			buildConfigurations = (
				166FBAB1205BE6E70078B768 /* Debug */,
				166FBAB2205BE6E70078B768 /* Release */,
			);
			defaultConfigurationIsVisible = 0;
			defaultConfigurationName = Release;
		};
		166FBAB3205BE6E70078B768 /* Build configuration list for PBXNativeTarget "testUITests" */ = {
			isa = XCConfigurationList;
			buildConfigurations = (
				166FBAB4205BE6E70078B768 /* Debug */,
				166FBAB5205BE6E70078B768 /* Release */,
			);
			defaultConfigurationIsVisible = 0;
			defaultConfigurationName = Release;
		};
/* End XCConfigurationList section */
	};
	rootObject = 166FBA7D205BE6E60078B768 /* Project object */;
}
